
Microsoft Visual Studio Solution File, Format Version 12.00
# Visual Studio Version 17
VisualStudioVersion = 17.8.34316.72
MinimumVisualStudioVersion = 10.0.40219.1
Project("{FAE04EC0-301F-11D3-BF4B-00C04F79EFBC}") = "CSVTask", "CSVTask\CSVTask.csproj", "{5C858066-1F16-490A-8FB7-0E13C61AC1C2}"
EndProject
Global
	GlobalSection(SolutionConfigurationPlatforms) = preSolution
		Debug|Any CPU = Debug|Any CPU
		Release|Any CPU = Release|Any CPU
	EndGlobalSection
	GlobalSection(ProjectConfigurationPlatforms) = postSolution
		{5C858066-1F16-490A-8FB7-0E13C61AC1C2}.Debug|Any CPU.ActiveCfg = Debug|Any CPU
		{5C858066-1F16-490A-8FB7-0E13C61AC1C2}.Debug|Any CPU.Build.0 = Debug|Any CPU
		{5C858066-1F16-490A-8FB7-0E13C61AC1C2}.Release|Any CPU.ActiveCfg = Release|Any CPU
		{5C858066-1F16-490A-8FB7-0E13C61AC1C2}.Release|Any CPU.Build.0 = Release|Any CPU
	EndGlobalSection
	GlobalSection(SolutionProperties) = preSolution
		HideSolutionNode = FALSE
	EndGlobalSection
	GlobalSection(ExtensibilityGlobals) = postSolution
		SolutionGuid = {A973DC56-5BE3-4E72-A74F-52660EB29A76}
	EndGlobalSection
EndGlobal
